
Microsoft Visual Studio Solution File, Format Version 12.00
# Visual Studio Version 16
VisualStudioVersion = 16.0.32602.291
MinimumVisualStudioVersion = 10.0.40219.1
Project("{FAE04EC0-301F-11D3-BF4B-00C04F79EFBC}") = "CadmeNormas", "CadmeNormas\CadmeNormas.csproj", "{095C5AD0-1AC7-4DFD-A48A-719CD8004FDE}"
EndProject
Global
	GlobalSection(SolutionConfigurationPlatforms) = preSolution
		Debug|Any CPU = Debug|Any CPU
		Release|Any CPU = Release|Any CPU
	EndGlobalSection
	GlobalSection(ProjectConfigurationPlatforms) = postSolution
		{095C5AD0-1AC7-4DFD-A48A-719CD8004FDE}.Debug|Any CPU.ActiveCfg = Debug|Any CPU
		{095C5AD0-1AC7-4DFD-A48A-719CD8004FDE}.Debug|Any CPU.Build.0 = Debug|Any CPU
		{095C5AD0-1AC7-4DFD-A48A-719CD8004FDE}.Release|Any CPU.ActiveCfg = Release|Any CPU
		{095C5AD0-1AC7-4DFD-A48A-719CD8004FDE}.Release|Any CPU.Build.0 = Release|Any CPU
	EndGlobalSection
	GlobalSection(SolutionProperties) = preSolution
		HideSolutionNode = FALSE
	EndGlobalSection
	GlobalSection(ExtensibilityGlobals) = postSolution
		SolutionGuid = {8F2E179C-57F5-4571-83C2-DDF91A1FEB73}
	EndGlobalSection
EndGlobal
